
Microsoft Visual Studio Solution File, Format Version 12.00
Project("{FAE04EC0-301F-11D3-BF4B-00C04F79EFBC}") = "MVC_PassValuesEz", "MVC_PassValuesEz\MVC_PassValuesEz.csproj", "{4663267D-9584-46BC-8B5A-65884C3EBF1A}"
EndProject
Project("{FAE04EC0-301F-11D3-BF4B-00C04F79EFBC}") = "MVC_CustomSQL_Insert", "MVC_CustomSQL_Insert\MVC_CustomSQL_Insert.csproj", "{EFB9880E-8038-450E-B0EE-5477D908132C}"
EndProject
Project("{FAE04EC0-301F-11D3-BF4B-00C04F79EFBC}") = "IPSDataValues", "IPSDataValues\IPSDataValues.csproj", "{8301B12B-9B35-4576-88D1-BDF67ACFD03D}"
EndProject
Project("{FAE04EC0-301F-11D3-BF4B-00C04F79EFBC}") = "IPSInsertSQLStatement", "IPSInsertSQLStatement\IPSInsertSQLStatement.csproj", "{7577D9C5-AB25-4703-B906-4BAAEBB0A513}"
EndProject
Global
	GlobalSection(SolutionConfigurationPlatforms) = preSolution
		Debug|Any CPU = Debug|Any CPU
		Release|Any CPU = Release|Any CPU
	EndGlobalSection
	GlobalSection(ProjectConfigurationPlatforms) = postSolution
		{4663267D-9584-46BC-8B5A-65884C3EBF1A}.Debug|Any CPU.ActiveCfg = Debug|Any CPU
		{4663267D-9584-46BC-8B5A-65884C3EBF1A}.Debug|Any CPU.Build.0 = Debug|Any CPU
		{4663267D-9584-46BC-8B5A-65884C3EBF1A}.Release|Any CPU.ActiveCfg = Release|Any CPU
		{4663267D-9584-46BC-8B5A-65884C3EBF1A}.Release|Any CPU.Build.0 = Release|Any CPU
		{EFB9880E-8038-450E-B0EE-5477D908132C}.Debug|Any CPU.ActiveCfg = Debug|Any CPU
		{EFB9880E-8038-450E-B0EE-5477D908132C}.Debug|Any CPU.Build.0 = Debug|Any CPU
		{EFB9880E-8038-450E-B0EE-5477D908132C}.Release|Any CPU.ActiveCfg = Release|Any CPU
		{EFB9880E-8038-450E-B0EE-5477D908132C}.Release|Any CPU.Build.0 = Release|Any CPU
		{8301B12B-9B35-4576-88D1-BDF67ACFD03D}.Debug|Any CPU.ActiveCfg = Debug|Any CPU
		{8301B12B-9B35-4576-88D1-BDF67ACFD03D}.Debug|Any CPU.Build.0 = Debug|Any CPU
		{8301B12B-9B35-4576-88D1-BDF67ACFD03D}.Release|Any CPU.ActiveCfg = Release|Any CPU
		{8301B12B-9B35-4576-88D1-BDF67ACFD03D}.Release|Any CPU.Build.0 = Release|Any CPU
		{7577D9C5-AB25-4703-B906-4BAAEBB0A513}.Debug|Any CPU.ActiveCfg = Debug|Any CPU
		{7577D9C5-AB25-4703-B906-4BAAEBB0A513}.Debug|Any CPU.Build.0 = Debug|Any CPU
		{7577D9C5-AB25-4703-B906-4BAAEBB0A513}.Release|Any CPU.ActiveCfg = Release|Any CPU
		{7577D9C5-AB25-4703-B906-4BAAEBB0A513}.Release|Any CPU.Build.0 = Release|Any CPU
	EndGlobalSection
EndGlobal
